
Microsoft Visual Studio Solution File, Format Version 9.00
# Visual Studio 2005
Project("{FAE04EC0-301F-11D3-BF4B-00C04F79EFBC}") = "kernel", "kernel\kernel.csproj", "{F383E926-57AA-45FD-BBB7-0C05F05CC7E4}"
EndProject
Project("{FAE04EC0-301F-11D3-BF4B-00C04F79EFBC}") = "pruebaImplementaciones", "pruebaImplementaciones\pruebaImplementaciones.csproj", "{2DDB6DB7-9365-4D83-B484-189FF25C8DE8}"
EndProject
Project("{FAE04EC0-301F-11D3-BF4B-00C04F79EFBC}") = "PruebasUnit", "PruebasUnit\PruebasUnit.csproj", "{24079408-8C14-4152-947D-AF7AF80C722A}"
EndProject
Project("{FAE04EC0-301F-11D3-BF4B-00C04F79EFBC}") = "prubaConsola", "prubaConsola\prubaConsola.csproj", "{5677BBEB-409E-4B2C-9AEF-D0D05239FACB}"
EndProject
Global
	GlobalSection(SolutionConfigurationPlatforms) = preSolution
		Debug|Any CPU = Debug|Any CPU
		Release|Any CPU = Release|Any CPU
	EndGlobalSection
	GlobalSection(ProjectConfigurationPlatforms) = postSolution
		{F383E926-57AA-45FD-BBB7-0C05F05CC7E4}.Debug|Any CPU.ActiveCfg = Debug|Any CPU
		{F383E926-57AA-45FD-BBB7-0C05F05CC7E4}.Debug|Any CPU.Build.0 = Debug|Any CPU
		{F383E926-57AA-45FD-BBB7-0C05F05CC7E4}.Release|Any CPU.ActiveCfg = Release|Any CPU
		{F383E926-57AA-45FD-BBB7-0C05F05CC7E4}.Release|Any CPU.Build.0 = Release|Any CPU
		{2DDB6DB7-9365-4D83-B484-189FF25C8DE8}.Debug|Any CPU.ActiveCfg = Debug|Any CPU
		{2DDB6DB7-9365-4D83-B484-189FF25C8DE8}.Debug|Any CPU.Build.0 = Debug|Any CPU
		{2DDB6DB7-9365-4D83-B484-189FF25C8DE8}.Release|Any CPU.ActiveCfg = Release|Any CPU
		{2DDB6DB7-9365-4D83-B484-189FF25C8DE8}.Release|Any CPU.Build.0 = Release|Any CPU
		{24079408-8C14-4152-947D-AF7AF80C722A}.Debug|Any CPU.ActiveCfg = Debug|Any CPU
		{24079408-8C14-4152-947D-AF7AF80C722A}.Debug|Any CPU.Build.0 = Debug|Any CPU
		{24079408-8C14-4152-947D-AF7AF80C722A}.Release|Any CPU.ActiveCfg = Release|Any CPU
		{24079408-8C14-4152-947D-AF7AF80C722A}.Release|Any CPU.Build.0 = Release|Any CPU
		{5677BBEB-409E-4B2C-9AEF-D0D05239FACB}.Debug|Any CPU.ActiveCfg = Debug|Any CPU
		{5677BBEB-409E-4B2C-9AEF-D0D05239FACB}.Debug|Any CPU.Build.0 = Debug|Any CPU
		{5677BBEB-409E-4B2C-9AEF-D0D05239FACB}.Release|Any CPU.ActiveCfg = Release|Any CPU
		{5677BBEB-409E-4B2C-9AEF-D0D05239FACB}.Release|Any CPU.Build.0 = Release|Any CPU
	EndGlobalSection
	GlobalSection(SolutionProperties) = preSolution
		HideSolutionNode = FALSE
	EndGlobalSection
EndGlobal
