
Microsoft Visual Studio Solution File, Format Version 9.00
# Visual Studio 2005
Project("{FAE04EC0-301F-11D3-BF4B-00C04F79EFBC}") = "TratamientoHuellasDactilares", "TratamientoHuellasDactilares.csproj", "{5A53408B-2995-4472-8000-9C70D0E6805E}"
EndProject
Global
	GlobalSection(SolutionConfigurationPlatforms) = preSolution
		Debug|Any CPU = Debug|Any CPU
		Release|Any CPU = Release|Any CPU
	EndGlobalSection
	GlobalSection(ProjectConfigurationPlatforms) = postSolution
		{5A53408B-2995-4472-8000-9C70D0E6805E}.Debug|Any CPU.ActiveCfg = Debug|Any CPU
		{5A53408B-2995-4472-8000-9C70D0E6805E}.Debug|Any CPU.Build.0 = Debug|Any CPU
		{5A53408B-2995-4472-8000-9C70D0E6805E}.Release|Any CPU.ActiveCfg = Release|Any CPU
		{5A53408B-2995-4472-8000-9C70D0E6805E}.Release|Any CPU.Build.0 = Release|Any CPU
	EndGlobalSection
	GlobalSection(SolutionProperties) = preSolution
		HideSolutionNode = FALSE
	EndGlobalSection
EndGlobal
